{
  "nodes": {
    "nixpkgs": {
      "locked": {
        "lastModified": 1,
        "narHash": "sha256-9zd0YC2gfsRvVJENZsVs1R5LBj5/t127JlCLggn/970=",
        "path": "/nix/store/zb7ys5kfcjl8fqk8bkwk9n5d0xvlvm23-vkbmsmn5bm60d0yrgm67bm9rh59jq3xh-source",
        "type": "path"
      },
      "original": {
        "id": "nixpkgs",
        "type": "indirect"
      }
    },
    "root": {
      "inputs": {
        "nixpkgs": "nixpkgs"
      }
    }
  },
  "root": "root",
  "version": 7
}
